Microsoft Visual Studio Solution File, Format Version 12.00
# Visual Studio Version 17
VisualStudioVersion = 17.5.2.0
MinimumVisualStudioVersion = 10.0.40219.1
Project("{2150E333-8FDC-42A3-9474-1A3956D46DE8}") = "CSharp", "CSharp", "{B41BF331-FCCB-2ADF-CDB6-767964B34647}"
EndProject
Project("{FAE04EC0-301F-11D3-BF4B-00C04F79EFBC}") = "NewProject", "CSharp\NewProject\NewProject.csproj", "{956BF193-2423-69C1-EA4F-9EE4D77BB1CD}"
EndProject
Global
	GlobalSection(SolutionConfigurationPlatforms) = preSolution
		Debug|Any CPU = Debug|Any CPU
		Release|Any CPU = Release|Any CPU
	EndGlobalSection
	GlobalSection(ProjectConfigurationPlatforms) = postSolution
		{956BF193-2423-69C1-EA4F-9EE4D77BB1CD}.Debug|Any CPU.ActiveCfg = Debug|Any CPU
		{956BF193-2423-69C1-EA4F-9EE4D77BB1CD}.Debug|Any CPU.Build.0 = Debug|Any CPU
		{956BF193-2423-69C1-EA4F-9EE4D77BB1CD}.Release|Any CPU.ActiveCfg = Release|Any CPU
		{956BF193-2423-69C1-EA4F-9EE4D77BB1CD}.Release|Any CPU.Build.0 = Release|Any CPU
	EndGlobalSection
	GlobalSection(SolutionProperties) = preSolution
		HideSolutionNode = FALSE
	EndGlobalSection
	GlobalSection(NestedProjects) = preSolution
		{956BF193-2423-69C1-EA4F-9EE4D77BB1CD} = {B41BF331-FCCB-2ADF-CDB6-767964B34647}
	EndGlobalSection
	GlobalSection(ExtensibilityGlobals) = postSolution
		SolutionGuid = {4F33E969-7F3F-498E-9E7C-08382EA343E9}
	EndGlobalSection
EndGlobal
